
Microsoft Visual Studio Solution File, Format Version 12.00
# Visual Studio Version 17
VisualStudioVersion = 17.5.002.0
MinimumVisualStudioVersion = 10.0.40219.1
Project("{9A19103F-16F7-4668-BE54-9A1E7A4F7556}") = "mang2chieu", "mang2chieu.csproj", "{D611CFF6-23AC-4AC7-887D-9406D91D0D5E}"
EndProject
Global
	GlobalSection(SolutionConfigurationPlatforms) = preSolution
		Debug|Any CPU = Debug|Any CPU
		Release|Any CPU = Release|Any CPU
	EndGlobalSection
	GlobalSection(ProjectConfigurationPlatforms) = postSolution
		{D611CFF6-23AC-4AC7-887D-9406D91D0D5E}.Debug|Any CPU.ActiveCfg = Debug|Any CPU
		{D611CFF6-23AC-4AC7-887D-9406D91D0D5E}.Debug|Any CPU.Build.0 = Debug|Any CPU
		{D611CFF6-23AC-4AC7-887D-9406D91D0D5E}.Release|Any CPU.ActiveCfg = Release|Any CPU
		{D611CFF6-23AC-4AC7-887D-9406D91D0D5E}.Release|Any CPU.Build.0 = Release|Any CPU
	EndGlobalSection
	GlobalSection(SolutionProperties) = preSolution
		HideSolutionNode = FALSE
	EndGlobalSection
	GlobalSection(ExtensibilityGlobals) = postSolution
		SolutionGuid = {02CB3B17-AB61-43D3-8F6E-29BA0124F4B2}
	EndGlobalSection
EndGlobal
